// !$*UTF8*$!
{
	archiveVersion = 1;
	classes = {
	};
	objectVersion = 50;
	objects = {

/* Begin PBXBuildFile section */
		2F55CCC225D45B9600288C6D /* RecyclingTests.swift in Sources */ = {isa = PBXBuildFile; fileRef = 2F55CCC125D45B9600288C6D /* RecyclingTests.swift */; };
		2F55CCCD25D45B9600288C6D /* RecyclingUITests.swift in Sources */ = {isa = PBXBuildFile; fileRef = 2F55CCCC25D45B9600288C6D /* RecyclingUITests.swift */; };
		2F72E3AC25D34A4000FBED29 /* AppDelegate.swift in Sources */ = {isa = PBXBuildFile; fileRef = 2F72E3AB25D34A4000FBED29 /* AppDelegate.swift */; };
		2F72E3AE25D34A4000FBED29 /* SceneDelegate.swift in Sources */ = {isa = PBXBuildFile; fileRef = 2F72E3AD25D34A4000FBED29 /* SceneDelegate.swift */; };
		2F72E3B025D34A4000FBED29 /* ViewController.swift in Sources */ = {isa = PBXBuildFile; fileRef = 2F72E3AF25D34A4000FBED29 /* ViewController.swift */; };
		2F72E3B325D34A4000FBED29 /* Main.storyboard in Resources */ = {isa = PBXBuildFile; fileRef = 2F72E3B125D34A4000FBED29 /* Main.storyboard */; };
		2F72E3B525D34A4400FBED29 /* Assets.xcassets in Resources */ = {isa = PBXBuildFile; fileRef = 2F72E3B425D34A4400FBED29 /* Assets.xcassets */; };
		2F72E3B825D34A4500FBED29 /* LaunchScreen.storyboard in Resources */ = {isa = PBXBuildFile; fileRef = 2F72E3B625D34A4500FBED29 /* LaunchScreen.storyboard */; };
		2F72E3C325D34A4500FBED29 /* RecyclingAppiOSTests.swift in Sources */ = {isa = PBXBuildFile; fileRef = 2F72E3C225D34A4500FBED29 /* RecyclingAppiOSTests.swift */; };
		2F72E3CE25D34A4500FBED29 /* RecyclingAppiOSUITests.swift in Sources */ = {isa = PBXBuildFile; fileRef = 2F72E3CD25D34A4500FBED29 /* RecyclingAppiOSUITests.swift */; };
/* End PBXBuildFile section */

/* Begin PBXContainerItemProxy section */
		2F72E3BF25D34A4500FBED29 /* PBXContainerItemProxy */ = {
			isa = PBXContainerItemProxy;
			containerPortal = 2F72E3A025D34A4000FBED29 /* Project object */;
			proxyType = 1;
			remoteGlobalIDString = 2F72E3A725D34A4000FBED29;
			remoteInfo = RecyclingAppiOS;
		};
		2F72E3CA25D34A4500FBED29 /* PBXContainerItemProxy */ = {
			isa = PBXContainerItemProxy;
			containerPortal = 2F72E3A025D34A4000FBED29 /* Project object */;
			proxyType = 1;
			remoteGlobalIDString = 2F72E3A725D34A4000FBED29;
			remoteInfo = RecyclingAppiOS;
		};
/* End PBXContainerItemProxy section */

/* Begin PBXFileReference section */
		2F19B69425D44545002C4509 /* RecyclingAppiOS-1-main */ = {isa = PBXFileReference; lastKnownFileType = folder; name = "RecyclingAppiOS-1-main"; path = "../../Programming/RecyclingAppiOS-1-main"; sourceTree = "<group>"; };
		2F55CCAA25D45B9400288C6D /* AppDelegate.swift */ = {isa = PBXFileReference; lastKnownFileType = sourcecode.swift; path = AppDelegate.swift; sourceTree = "<group>"; };
		2F55CCAC25D45B9400288C6D /* SceneDelegate.swift */ = {isa = PBXFileReference; lastKnownFileType = sourcecode.swift; path = SceneDelegate.swift; sourceTree = "<group>"; };
		2F55CCAE25D45B9400288C6D /* ViewController.swift */ = {isa = PBXFileReference; lastKnownFileType = sourcecode.swift; path = ViewController.swift; sourceTree = "<group>"; };
		2F55CCB125D45B9400288C6D /* Base */ = {isa = PBXFileReference; lastKnownFileType = file.storyboard; name = Base; path = Base.lproj/Main.storyboard; sourceTree = "<group>"; };
		2F55CCB325D45B9500288C6D /* Assets.xcassets */ = {isa = PBXFileReference; lastKnownFileType = folder.assetcatalog; path = Assets.xcassets; sourceTree = "<group>"; };
		2F55CCB625D45B9500288C6D /* Base */ = {isa = PBXFileReference; lastKnownFileType = file.storyboard; name = Base; path = Base.lproj/LaunchScreen.storyboard; sourceTree = "<group>"; };
		2F55CCB825D45B9500288C6D /* Info.plist */ = {isa = PBXFileReference; lastKnownFileType = text.plist.xml; path = Info.plist; sourceTree = "<group>"; };
		2F55CCBD25D45B9600288C6D /* RecyclingTests.xctest */ = {isa = PBXFileReference; explicitFileType = wrapper.cfbundle; includeInIndex = 0; path = RecyclingTests.xctest; sourceTree = BUILT_PRODUCTS_DIR; };
		2F55CCC125D45B9600288C6D /* RecyclingTests.swift */ = {isa = PBXFileReference; lastKnownFileType = sourcecode.swift; path = RecyclingTests.swift; sourceTree = "<group>"; };
		2F55CCC325D45B9600288C6D /* Info.plist */ = {isa = PBXFileReference; lastKnownFileType = text.plist.xml; path = Info.plist; sourceTree = "<group>"; };
		2F55CCC825D45B9600288C6D /* RecyclingUITests.xctest */ = {isa = PBXFileReference; explicitFileType = wrapper.cfbundle; includeInIndex = 0; path = RecyclingUITests.xctest; sourceTree = BUILT_PRODUCTS_DIR; };
		2F55CCCC25D45B9600288C6D /* RecyclingUITests.swift */ = {isa = PBXFileReference; lastKnownFileType = sourcecode.swift; path = RecyclingUITests.swift; sourceTree = "<group>"; };
		2F55CCCE25D45B9600288C6D /* Info.plist */ = {isa = PBXFileReference; lastKnownFileType = text.plist.xml; path = Info.plist; sourceTree = "<group>"; };
		2F72E3A825D34A4000FBED29 /* RecyclingAppiOS.app */ = {isa = PBXFileReference; explicitFileType = wrapper.application; includeInIndex = 0; path = RecyclingAppiOS.app; sourceTree = BUILT_PRODUCTS_DIR; };
		2F72E3AB25D34A4000FBED29 /* AppDelegate.swift */ = {isa = PBXFileReference; lastKnownFileType = sourcecode.swift; path = AppDelegate.swift; sourceTree = "<group>"; };
		2F72E3AD25D34A4000FBED29 /* SceneDelegate.swift */ = {isa = PBXFileReference; lastKnownFileType = sourcecode.swift; path = SceneDelegate.swift; sourceTree = "<group>"; };
		2F72E3AF25D34A4000FBED29 /* ViewController.swift */ = {isa = PBXFileReference; lastKnownFileType = sourcecode.swift; path = ViewController.swift; sourceTree = "<group>"; };
		2F72E3B225D34A4000FBED29 /* Base */ = {isa = PBXFileReference; lastKnownFileType = file.storyboard; name = Base; path = Base.lproj/Main.storyboard; sourceTree = "<group>"; };
		2F72E3B425D34A4400FBED29 /* Assets.xcassets */ = {isa = PBXFileReference; lastKnownFileType = folder.assetcatalog; path = Assets.xcassets; sourceTree = "<group>"; };
		2F72E3B725D34A4500FBED29 /* Base */ = {isa = PBXFileReference; lastKnownFileType = file.storyboard; name = Base; path = Base.lproj/LaunchScreen.storyboard; sourceTree = "<group>"; };
		2F72E3B925D34A4500FBED29 /* Info.plist */ = {isa = PBXFileReference; lastKnownFileType = text.plist.xml; path = Info.plist; sourceTree = "<group>"; };
		2F72E3BE25D34A4500FBED29 /* RecyclingAppiOSTests.xctest */ = {isa = PBXFileReference; explicitFileType = wrapper.cfbundle; includeInIndex = 0; path = RecyclingAppiOSTests.xctest; sourceTree = BUILT_PRODUCTS_DIR; };
		2F72E3C225D34A4500FBED29 /* RecyclingAppiOSTests.swift */ = {isa = PBXFileReference; lastKnownFileType = sourcecode.swift; path = RecyclingAppiOSTests.swift; sourceTree = "<group>"; };
		2F72E3C425D34A4500FBED29 /* Info.plist */ = {isa = PBXFileReference; lastKnownFileType = text.plist.xml; path = Info.plist; sourceTree = "<group>"; };
		2F72E3C925D34A4500FBED29 /* RecyclingAppiOSUITests.xctest */ = {isa = PBXFileReference; explicitFileType = wrapper.cfbundle; includeInIndex = 0; path = RecyclingAppiOSUITests.xctest; sourceTree = BUILT_PRODUCTS_DIR; };
		2F72E3CD25D34A4500FBED29 /* RecyclingAppiOSUITests.swift */ = {isa = PBXFileReference; lastKnownFileType = sourcecode.swift; path = RecyclingAppiOSUITests.swift; sourceTree = "<group>"; };
		2F72E3CF25D34A4500FBED29 /* Info.plist */ = {isa = PBXFileReference; lastKnownFileType = text.plist.xml; path = Info.plist; sourceTree = "<group>"; };
/* End PBXFileReference section */

/* Begin PBXFrameworksBuildPhase section */
		2F55CCBA25D45B9600288C6D /* Frameworks */ = {
			isa = PBXFrameworksBuildPhase;
			buildActionMask = 2147483647;
			files = (
			);
			runOnlyForDeploymentPostprocessing = 0;
		};
		2F55CCC525D45B9600288C6D /* Frameworks */ = {
			isa = PBXFrameworksBuildPhase;
			buildActionMask = 2147483647;
			files = (
			);
			runOnlyForDeploymentPostprocessing = 0;
		};
		2F72E3A525D34A4000FBED29 /* Frameworks */ = {
			isa = PBXFrameworksBuildPhase;
			buildActionMask = 2147483647;
			files = (
			);
			runOnlyForDeploymentPostprocessing = 0;
		};
		2F72E3BB25D34A4500FBED29 /* Frameworks */ = {
			isa = PBXFrameworksBuildPhase;
			buildActionMask = 2147483647;
			files = (
			);
			runOnlyForDeploymentPostprocessing = 0;
		};
		2F72E3C625D34A4500FBED29 /* Frameworks */ = {
			isa = PBXFrameworksBuildPhase;
			buildActionMask = 2147483647;
			files = (
			);
			runOnlyForDeploymentPostprocessing = 0;
		};
/* End PBXFrameworksBuildPhase section */

/* Begin PBXGroup section */
		2F55CCA925D45B9400288C6D /* Recycling */ = {
			isa = PBXGroup;
			children = (
				2F55CCAA25D45B9400288C6D /* AppDelegate.swift */,
				2F55CCAC25D45B9400288C6D /* SceneDelegate.swift */,
				2F55CCAE25D45B9400288C6D /* ViewController.swift */,
				2F55CCB025D45B9400288C6D /* Main.storyboard */,
				2F55CCB325D45B9500288C6D /* Assets.xcassets */,
				2F55CCB525D45B9500288C6D /* LaunchScreen.storyboard */,
				2F55CCB825D45B9500288C6D /* Info.plist */,
			);
			path = Recycling;
			sourceTree = "<group>";
		};
		2F55CCC025D45B9600288C6D /* RecyclingTests */ = {
			isa = PBXGroup;
			children = (
				2F55CCC125D45B9600288C6D /* RecyclingTests.swift */,
				2F55CCC325D45B9600288C6D /* Info.plist */,
			);
			path = RecyclingTests;
			sourceTree = "<group>";
		};
		2F55CCCB25D45B9600288C6D /* RecyclingUITests */ = {
			isa = PBXGroup;
			children = (
				2F55CCCC25D45B9600288C6D /* RecyclingUITests.swift */,
				2F55CCCE25D45B9600288C6D /* Info.plist */,
			);
			path = RecyclingUITests;
			sourceTree = "<group>";
		};
		2F72E39F25D34A4000FBED29 = {
			isa = PBXGroup;
			children = (
				2F72E3AA25D34A4000FBED29 /* RecyclingAppiOS */,
				2F72E3C125D34A4500FBED29 /* RecyclingAppiOSTests */,
				2F72E3CC25D34A4500FBED29 /* RecyclingAppiOSUITests */,
				2F55CCA925D45B9400288C6D /* Recycling */,
				2F55CCC025D45B9600288C6D /* RecyclingTests */,
				2F55CCCB25D45B9600288C6D /* RecyclingUITests */,
				2F72E3A925D34A4000FBED29 /* Products */,
			);
			sourceTree = "<group>";
		};
		2F72E3A925D34A4000FBED29 /* Products */ = {
			isa = PBXGroup;
			children = (
				2F72E3A825D34A4000FBED29 /* RecyclingAppiOS.app */,
				2F72E3BE25D34A4500FBED29 /* RecyclingAppiOSTests.xctest */,
				2F72E3C925D34A4500FBED29 /* RecyclingAppiOSUITests.xctest */,
				2F55CCBD25D45B9600288C6D /* RecyclingTests.xctest */,
				2F55CCC825D45B9600288C6D /* RecyclingUITests.xctest */,
			);
			name = Products;
			sourceTree = "<group>";
		};
		2F72E3AA25D34A4000FBED29 /* RecyclingAppiOS */ = {
			isa = PBXGroup;
			children = (
				2F72E3AB25D34A4000FBED29 /* AppDelegate.swift */,
				2F72E3AD25D34A4000FBED29 /* SceneDelegate.swift */,
				2F72E3AF25D34A4000FBED29 /* ViewController.swift */,
				2F72E3B125D34A4000FBED29 /* Main.storyboard */,
				2F19B69425D44545002C4509 /* RecyclingAppiOS-1-main */,
				2F72E3B425D34A4400FBED29 /* Assets.xcassets */,
				2F72E3B625D34A4500FBED29 /* LaunchScreen.storyboard */,
				2F72E3B925D34A4500FBED29 /* Info.plist */,
			);
			path = RecyclingAppiOS;
			sourceTree = "<group>";
		};
		2F72E3C125D34A4500FBED29 /* RecyclingAppiOSTests */ = {
			isa = PBXGroup;
			children = (
				2F72E3C225D34A4500FBED29 /* RecyclingAppiOSTests.swift */,
				2F72E3C425D34A4500FBED29 /* Info.plist */,
			);
			path = RecyclingAppiOSTests;
			sourceTree = "<group>";
		};
		2F72E3CC25D34A4500FBED29 /* RecyclingAppiOSUITests */ = {
			isa = PBXGroup;
			children = (
				2F72E3CD25D34A4500FBED29 /* RecyclingAppiOSUITests.swift */,
				2F72E3CF25D34A4500FBED29 /* Info.plist */,
			);
			path = RecyclingAppiOSUITests;
			sourceTree = "<group>";
		};
/* End PBXGroup section */

/* Begin PBXNativeTarget section */
		2F55CCBC25D45B9600288C6D /* RecyclingTests */ = {
			isa = PBXNativeTarget;
			buildConfigurationList = 2F55CCD625D45B9600288C6D /* Build configuration list for PBXNativeTarget "RecyclingTests" */;
			buildPhases = (
				2F55CCB925D45B9600288C6D /* Sources */,
				2F55CCBA25D45B9600288C6D /* Frameworks */,
				2F55CCBB25D45B9600288C6D /* Resources */,
			);
			buildRules = (
			);
			dependencies = (
			);
			name = RecyclingTests;
			productName = RecyclingTests;
			productReference = 2F55CCBD25D45B9600288C6D /* RecyclingTests.xctest */;
			productType = "com.apple.product-type.bundle.unit-test";
		};
		2F55CCC725D45B9600288C6D /* RecyclingUITests */ = {
			isa = PBXNativeTarget;
			buildConfigurationList = 2F55CCD725D45B9600288C6D /* Build configuration list for PBXNativeTarget "RecyclingUITests" */;
			buildPhases = (
				2F55CCC425D45B9600288C6D /* Sources */,
				2F55CCC525D45B9600288C6D /* Frameworks */,
				2F55CCC625D45B9600288C6D /* Resources */,
			);
			buildRules = (
			);
			dependencies = (
			);
			name = RecyclingUITests;
			productName = RecyclingUITests;
			productReference = 2F55CCC825D45B9600288C6D /* RecyclingUITests.xctest */;
			productType = "com.apple.product-type.bundle.ui-testing";
		};
		2F72E3A725D34A4000FBED29 /* RecyclingAppiOS */ = {
			isa = PBXNativeTarget;
			buildConfigurationList = 2F72E3D225D34A4500FBED29 /* Build configuration list for PBXNativeTarget "RecyclingAppiOS" */;
			buildPhases = (
				2F72E3A425D34A4000FBED29 /* Sources */,
				2F72E3A525D34A4000FBED29 /* Frameworks */,
				2F72E3A625D34A4000FBED29 /* Resources */,
			);
			buildRules = (
			);
			dependencies = (
			);
			name = RecyclingAppiOS;
			productName = RecyclingAppiOS;
			productReference = 2F72E3A825D34A4000FBED29 /* RecyclingAppiOS.app */;
			productType = "com.apple.product-type.application";
		};
		2F72E3BD25D34A4500FBED29 /* RecyclingAppiOSTests */ = {
			isa = PBXNativeTarget;
			buildConfigurationList = 2F72E3D525D34A4500FBED29 /* Build configuration list for PBXNativeTarget "RecyclingAppiOSTests" */;
			buildPhases = (
				2F72E3BA25D34A4500FBED29 /* Sources */,
				2F72E3BB25D34A4500FBED29 /* Frameworks */,
				2F72E3BC25D34A4500FBED29 /* Resources */,
			);
			buildRules = (
			);
			dependencies = (
				2F72E3C025D34A4500FBED29 /* PBXTargetDependency */,
			);
			name = RecyclingAppiOSTests;
			productName = RecyclingAppiOSTests;
			productReference = 2F72E3BE25D34A4500FBED29 /* RecyclingAppiOSTests.xctest */;
			productType = "com.apple.product-type.bundle.unit-test";
		};
		2F72E3C825D34A4500FBED29 /* RecyclingAppiOSUITests */ = {
			isa = PBXNativeTarget;
			buildConfigurationList = 2F72E3D825D34A4500FBED29 /* Build configuration list for PBXNativeTarget "RecyclingAppiOSUITests" */;
			buildPhases = (
				2F72E3C525D34A4500FBED29 /* Sources */,
				2F72E3C625D34A4500FBED29 /* Frameworks */,
				2F72E3C725D34A4500FBED29 /* Resources */,
			);
			buildRules = (
			);
			dependencies = (
				2F72E3CB25D34A4500FBED29 /* PBXTargetDependency */,
			);
			name = RecyclingAppiOSUITests;
			productName = RecyclingAppiOSUITests;
			productReference = 2F72E3C925D34A4500FBED29 /* RecyclingAppiOSUITests.xctest */;
			productType = "com.apple.product-type.bundle.ui-testing";
		};
/* End PBXNativeTarget section */

/* Begin PBXProject section */
		2F72E3A025D34A4000FBED29 /* Project object */ = {
			isa = PBXProject;
			attributes = {
				LastSwiftUpdateCheck = 1160;
				LastUpgradeCheck = 1240;
				ORGANIZATIONNAME = "Federico Landaeta";
				TargetAttributes = {
					2F55CCBC25D45B9600288C6D = {
						CreatedOnToolsVersion = 11.6;
						TestTargetID = 2F55CCA725D45B9400288C6D;
					};
					2F55CCC725D45B9600288C6D = {
						CreatedOnToolsVersion = 11.6;
						TestTargetID = 2F55CCA725D45B9400288C6D;
					};
					2F72E3A725D34A4000FBED29 = {
						CreatedOnToolsVersion = 11.6;
					};
					2F72E3BD25D34A4500FBED29 = {
						CreatedOnToolsVersion = 11.6;
						TestTargetID = 2F72E3A725D34A4000FBED29;
					};
					2F72E3C825D34A4500FBED29 = {
						CreatedOnToolsVersion = 11.6;
						TestTargetID = 2F72E3A725D34A4000FBED29;
					};
				};
			};
			buildConfigurationList = 2F72E3A325D34A4000FBED29 /* Build configuration list for PBXProject "RecyclingAppiOS" */;
			compatibilityVersion = "Xcode 9.3";
			developmentRegion = en;
			hasScannedForEncodings = 0;
			knownRegions = (
				en,
				Base,
			);
			mainGroup = 2F72E39F25D34A4000FBED29;
			productRefGroup = 2F72E3A925D34A4000FBED29 /* Products */;
			projectDirPath = "";
			projectRoot = "";
			targets = (
				2F72E3A725D34A4000FBED29 /* RecyclingAppiOS */,
				2F72E3BD25D34A4500FBED29 /* RecyclingAppiOSTests */,
				2F72E3C825D34A4500FBED29 /* RecyclingAppiOSUITests */,
				2F55CCBC25D45B9600288C6D /* RecyclingTests */,
				2F55CCC725D45B9600288C6D /* RecyclingUITests */,
			);
		};
/* End PBXProject section */

/* Begin PBXResourcesBuildPhase section */
		2F55CCBB25D45B9600288C6D /* Resources */ = {
			isa = PBXResourcesBuildPhase;
			buildActionMask = 2147483647;
			files = (
			);
			runOnlyForDeploymentPostprocessing = 0;
		};
		2F55CCC625D45B9600288C6D /* Resources */ = {
			isa = PBXResourcesBuildPhase;
			buildActionMask = 2147483647;
			files = (
			);
			runOnlyForDeploymentPostprocessing = 0;
		};
		2F72E3A625D34A4000FBED29 /* Resources */ = {
			isa = PBXResourcesBuildPhase;
			buildActionMask = 2147483647;
			files = (
				2F72E3B825D34A4500FBED29 /* LaunchScreen.storyboard in Resources */,
				2F72E3B525D34A4400FBED29 /* Assets.xcassets in Resources */,
				2F72E3B325D34A4000FBED29 /* Main.storyboard in Resources */,
			);
			runOnlyForDeploymentPostprocessing = 0;
		};
		2F72E3BC25D34A4500FBED29 /* Resources */ = {
			isa = PBXResourcesBuildPhase;
			buildActionMask = 2147483647;
			files = (
			);
			runOnlyForDeploymentPostprocessing = 0;
		};
		2F72E3C725D34A4500FBED29 /* Resources */ = {
			isa = PBXResourcesBuildPhase;
			buildActionMask = 2147483647;
			files = (
			);
			runOnlyForDeploymentPostprocessing = 0;
		};
/* End PBXResourcesBuildPhase section */

/* Begin PBXSourcesBuildPhase section */
		2F55CCB925D45B9600288C6D /* Sources */ = {
			isa = PBXSourcesBuildPhase;
			buildActionMask = 2147483647;
			files = (
				2F55CCC225D45B9600288C6D /* RecyclingTests.swift in Sources */,
			);
			runOnlyForDeploymentPostprocessing = 0;
		};
		2F55CCC425D45B9600288C6D /* Sources */ = {
			isa = PBXSourcesBuildPhase;
			buildActionMask = 2147483647;
			files = (
				2F55CCCD25D45B9600288C6D /* RecyclingUITests.swift in Sources */,
			);
			runOnlyForDeploymentPostprocessing = 0;
		};
		2F72E3A425D34A4000FBED29 /* Sources */ = {
			isa = PBXSourcesBuildPhase;
			buildActionMask = 2147483647;
			files = (
				2F72E3B025D34A4000FBED29 /* ViewController.swift in Sources */,
				2F72E3AC25D34A4000FBED29 /* AppDelegate.swift in Sources */,
				2F72E3AE25D34A4000FBED29 /* SceneDelegate.swift in Sources */,
			);
			runOnlyForDeploymentPostprocessing = 0;
		};
		2F72E3BA25D34A4500FBED29 /* Sources */ = {
			isa = PBXSourcesBuildPhase;
			buildActionMask = 2147483647;
			files = (
				2F72E3C325D34A4500FBED29 /* RecyclingAppiOSTests.swift in Sources */,
			);
			runOnlyForDeploymentPostprocessing = 0;
		};
		2F72E3C525D34A4500FBED29 /* Sources */ = {
			isa = PBXSourcesBuildPhase;
			buildActionMask = 2147483647;
			files = (
				2F72E3CE25D34A4500FBED29 /* RecyclingAppiOSUITests.swift in Sources */,
			);
			runOnlyForDeploymentPostprocessing = 0;
		};
/* End PBXSourcesBuildPhase section */

/* Begin PBXTargetDependency section */
		2F72E3C025D34A4500FBED29 /* PBXTargetDependency */ = {
			isa = PBXTargetDependency;
			target = 2F72E3A725D34A4000FBED29 /* RecyclingAppiOS */;
			targetProxy = 2F72E3BF25D34A4500FBED29 /* PBXContainerItemProxy */;
		};
		2F72E3CB25D34A4500FBED29 /* PBXTargetDependency */ = {
			isa = PBXTargetDependency;
			target = 2F72E3A725D34A4000FBED29 /* RecyclingAppiOS */;
			targetProxy = 2F72E3CA25D34A4500FBED29 /* PBXContainerItemProxy */;
		};
/* End PBXTargetDependency section */

/* Begin PBXVariantGroup section */
		2F55CCB025D45B9400288C6D /* Main.storyboard */ = {
			isa = PBXVariantGroup;
			children = (
				2F55CCB125D45B9400288C6D /* Base */,
			);
			name = Main.storyboard;
			sourceTree = "<group>";
		};
		2F55CCB525D45B9500288C6D /* LaunchScreen.storyboard */ = {
			isa = PBXVariantGroup;
			children = (
				2F55CCB625D45B9500288C6D /* Base */,
			);
			name = LaunchScreen.storyboard;
			sourceTree = "<group>";
		};
		2F72E3B125D34A4000FBED29 /* Main.storyboard */ = {
			isa = PBXVariantGroup;
			children = (
				2F72E3B225D34A4000FBED29 /* Base */,
			);
			name = Main.storyboard;
			sourceTree = "<group>";
		};
		2F72E3B625D34A4500FBED29 /* LaunchScreen.storyboard */ = {
			isa = PBXVariantGroup;
			children = (
				2F72E3B725D34A4500FBED29 /* Base */,
			);
			name = LaunchScreen.storyboard;
			sourceTree = "<group>";
		};
/* End PBXVariantGroup section */

/* Begin XCBuildConfiguration section */
		2F55CCD125D45B9600288C6D /* Debug */ = {
			isa = XCBuildConfiguration;
			buildSettings = {
				ALWAYS_EMBED_SWIFT_STANDARD_LIBRARIES = YES;
				BUNDLE_LOADER = "$(TEST_HOST)";
				CODE_SIGN_STYLE = Automatic;
				DEVELOPMENT_TEAM = 986N236JV2;
				INFOPLIST_FILE = RecyclingTests/Info.plist;
				IPHONEOS_DEPLOYMENT_TARGET = 13.6;
				LD_RUNPATH_SEARCH_PATHS = (
					"$(inherited)",
					"@executable_path/Frameworks",
					"@loader_path/Frameworks",
				);
				PRODUCT_BUNDLE_IDENTIFIER = com.FedericoLandaeta.RecyclingTests;
				PRODUCT_NAME = "$(TARGET_NAME)";
				SWIFT_VERSION = 5.0;
				TARGETED_DEVICE_FAMILY = "1,2";
				TEST_HOST = "$(BUILT_PRODUCTS_DIR)/Recycling.app/Recycling";
			};
			name = Debug;
		};
		2F55CCD225D45B9600288C6D /* Release */ = {
			isa = XCBuildConfiguration;
			buildSettings = {
				ALWAYS_EMBED_SWIFT_STANDARD_LIBRARIES = YES;
				BUNDLE_LOADER = "$(TEST_HOST)";
				CODE_SIGN_STYLE = Automatic;
				DEVELOPMENT_TEAM = 986N236JV2;
				INFOPLIST_FILE = RecyclingTests/Info.plist;
				IPHONEOS_DEPLOYMENT_TARGET = 13.6;
				LD_RUNPATH_SEARCH_PATHS = (
					"$(inherited)",
					"@executable_path/Frameworks",
					"@loader_path/Frameworks",
				);
				PRODUCT_BUNDLE_IDENTIFIER = com.FedericoLandaeta.RecyclingTests;
				PRODUCT_NAME = "$(TARGET_NAME)";
				SWIFT_VERSION = 5.0;
				TARGETED_DEVICE_FAMILY = "1,2";
				TEST_HOST = "$(BUILT_PRODUCTS_DIR)/Recycling.app/Recycling";
			};
			name = Release;
		};
		2F55CCD325D45B9600288C6D /* Debug */ = {
			isa = XCBuildConfiguration;
			buildSettings = {
				ALWAYS_EMBED_SWIFT_STANDARD_LIBRARIES = YES;
				CODE_SIGN_STYLE = Automatic;
				DEVELOPMENT_TEAM = 986N236JV2;
				INFOPLIST_FILE = RecyclingUITests/Info.plist;
				LD_RUNPATH_SEARCH_PATHS = (
					"$(inherited)",
					"@executable_path/Frameworks",
					"@loader_path/Frameworks",
				);
				PRODUCT_BUNDLE_IDENTIFIER = com.FedericoLandaeta.RecyclingUITests;
				PRODUCT_NAME = "$(TARGET_NAME)";
				SWIFT_VERSION = 5.0;
				TARGETED_DEVICE_FAMILY = "1,2";
				TEST_TARGET_NAME = Recycling;
			};
			name = Debug;
		};
		2F55CCD425D45B9600288C6D /* Release */ = {
			isa = XCBuildConfiguration;
			buildSettings = {
				ALWAYS_EMBED_SWIFT_STANDARD_LIBRARIES = YES;
				CODE_SIGN_STYLE = Automatic;
				DEVELOPMENT_TEAM = 986N236JV2;
				INFOPLIST_FILE = RecyclingUITests/Info.plist;
				LD_RUNPATH_SEARCH_PATHS = (
					"$(inherited)",
					"@executable_path/Frameworks",
					"@loader_path/Frameworks",
				);
				PRODUCT_BUNDLE_IDENTIFIER = com.FedericoLandaeta.RecyclingUITests;
				PRODUCT_NAME = "$(TARGET_NAME)";
				SWIFT_VERSION = 5.0;
				TARGETED_DEVICE_FAMILY = "1,2";
				TEST_TARGET_NAME = Recycling;
			};
			name = Release;
		};
		2F72E3D025D34A4500FBED29 /* Debug */ = {
			isa = XCBuildConfiguration;
			buildSettings = {
				ALWAYS_SEARCH_USER_PATHS = NO;
				CLANG_ANALYZER_NONNULL = YES;
				CLANG_ANALYZER_NUMBER_OBJECT_CONVERSION = YES_AGGRESSIVE;
				CLANG_CXX_LANGUAGE_STANDARD = "gnu++14";
				CLANG_CXX_LIBRARY = "libc++";
				CLANG_ENABLE_MODULES = YES;
				CLANG_ENABLE_OBJC_ARC = YES;
				CLANG_ENABLE_OBJC_WEAK = YES;
				CLANG_WARN_BLOCK_CAPTURE_AUTORELEASING = YES;
				CLANG_WARN_BOOL_CONVERSION = YES;
				CLANG_WARN_COMMA = YES;
				CLANG_WARN_CONSTANT_CONVERSION = YES;
				CLANG_WARN_DEPRECATED_OBJC_IMPLEMENTATIONS = YES;
				CLANG_WARN_DIRECT_OBJC_ISA_USAGE = YES_ERROR;
				CLANG_WARN_DOCUMENTATION_COMMENTS = YES;
				CLANG_WARN_EMPTY_BODY = YES;
				CLANG_WARN_ENUM_CONVERSION = YES;
				CLANG_WARN_INFINITE_RECURSION = YES;
				CLANG_WARN_INT_CONVERSION = YES;
				CLANG_WARN_NON_LITERAL_NULL_CONVERSION = YES;
				CLANG_WARN_OBJC_IMPLICIT_RETAIN_SELF = YES;
				CLANG_WARN_OBJC_LITERAL_CONVERSION = YES;
				CLANG_WARN_OBJC_ROOT_CLASS = YES_ERROR;
				CLANG_WARN_QUOTED_INCLUDE_IN_FRAMEWORK_HEADER = YES;
				CLANG_WARN_RANGE_LOOP_ANALYSIS = YES;
				CLANG_WARN_STRICT_PROTOTYPES = YES;
				CLANG_WARN_SUSPICIOUS_MOVE = YES;
				CLANG_WARN_UNGUARDED_AVAILABILITY = YES_AGGRESSIVE;
				CLANG_WARN_UNREACHABLE_CODE = YES;
				CLANG_WARN__DUPLICATE_METHOD_MATCH = YES;
				COPY_PHASE_STRIP = NO;
				DEBUG_INFORMATION_FORMAT = dwarf;
				ENABLE_STRICT_OBJC_MSGSEND = YES;
				ENABLE_TESTABILITY = YES;
				GCC_C_LANGUAGE_STANDARD = gnu11;
				GCC_DYNAMIC_NO_PIC = NO;
				GCC_NO_COMMON_BLOCKS = YES;
				GCC_OPTIMIZATION_LEVEL = 0;
				GCC_PREPROCESSOR_DEFINITIONS = (
					"DEBUG=1",
					"$(inherited)",
				);
				GCC_WARN_64_TO_32_BIT_CONVERSION = YES;
				GCC_WARN_ABOUT_RETURN_TYPE = YES_ERROR;
				GCC_WARN_UNDECLARED_SELECTOR = YES;
				GCC_WARN_UNINITIALIZED_AUTOS = YES_AGGRESSIVE;
				GCC_WARN_UNUSED_FUNCTION = YES;
				GCC_WARN_UNUSED_VARIABLE = YES;
				IPHONEOS_DEPLOYMENT_TARGET = 13.6;
				MTL_ENABLE_DEBUG_INFO = INCLUDE_SOURCE;
				MTL_FAST_MATH = YES;
				ONLY_ACTIVE_ARCH = YES;
				SDKROOT = iphoneos;
				SWIFT_ACTIVE_COMPILATION_CONDITIONS = DEBUG;
				SWIFT_OPTIMIZATION_LEVEL = "-Onone";
			};
			name = Debug;
		};
		2F72E3D125D34A4500FBED29 /* Release */ = {
			isa = XCBuildConfiguration;
			buildSettings = {
				ALWAYS_SEARCH_USER_PATHS = NO;
				CLANG_ANALYZER_NONNULL = YES;
				CLANG_ANALYZER_NUMBER_OBJECT_CONVERSION = YES_AGGRESSIVE;
				CLANG_CXX_LANGUAGE_STANDARD = "gnu++14";
				CLANG_CXX_LIBRARY = "libc++";
				CLANG_ENABLE_MODULES = YES;
				CLANG_ENABLE_OBJC_ARC = YES;
				CLANG_ENABLE_OBJC_WEAK = YES;
				CLANG_WARN_BLOCK_CAPTURE_AUTORELEASING = YES;
				CLANG_WARN_BOOL_CONVERSION = YES;
				CLANG_WARN_COMMA = YES;
				CLANG_WARN_CONSTANT_CONVERSION = YES;
				CLANG_WARN_DEPRECATED_OBJC_IMPLEMENTATIONS = YES;
				CLANG_WARN_DIRECT_OBJC_ISA_USAGE = YES_ERROR;
				CLANG_WARN_DOCUMENTATION_COMMENTS = YES;
				CLANG_WARN_EMPTY_BODY = YES;
				CLANG_WARN_ENUM_CONVERSION = YES;
				CLANG_WARN_INFINITE_RECURSION = YES;
				CLANG_WARN_INT_CONVERSION = YES;
				CLANG_WARN_NON_LITERAL_NULL_CONVERSION = YES;
				CLANG_WARN_OBJC_IMPLICIT_RETAIN_SELF = YES;
				CLANG_WARN_OBJC_LITERAL_CONVERSION = YES;
				CLANG_WARN_OBJC_ROOT_CLASS = YES_ERROR;
				CLANG_WARN_QUOTED_INCLUDE_IN_FRAMEWORK_HEADER = YES;
				CLANG_WARN_RANGE_LOOP_ANALYSIS = YES;
				CLANG_WARN_STRICT_PROTOTYPES = YES;
				CLANG_WARN_SUSPICIOUS_MOVE = YES;
				CLANG_WARN_UNGUARDED_AVAILABILITY = YES_AGGRESSIVE;
				CLANG_WARN_UNREACHABLE_CODE = YES;
				CLANG_WARN__DUPLICATE_METHOD_MATCH = YES;
				COPY_PHASE_STRIP = NO;
				DEBUG_INFORMATION_FORMAT = "dwarf-with-dsym";
				ENABLE_NS_ASSERTIONS = NO;
				ENABLE_STRICT_OBJC_MSGSEND = YES;
				GCC_C_LANGUAGE_STANDARD = gnu11;
				GCC_NO_COMMON_BLOCKS = YES;
				GCC_WARN_64_TO_32_BIT_CONVERSION = YES;
				GCC_WARN_ABOUT_RETURN_TYPE = YES_ERROR;
				GCC_WARN_UNDECLARED_SELECTOR = YES;
				GCC_WARN_UNINITIALIZED_AUTOS = YES_AGGRESSIVE;
				GCC_WARN_UNUSED_FUNCTION = YES;
				GCC_WARN_UNUSED_VARIABLE = YES;
				IPHONEOS_DEPLOYMENT_TARGET = 13.6;
				MTL_ENABLE_DEBUG_INFO = NO;
				MTL_FAST_MATH = YES;
				SDKROOT = iphoneos;
				SWIFT_COMPILATION_MODE = wholemodule;
				SWIFT_OPTIMIZATION_LEVEL = "-O";
				VALIDATE_PRODUCT = YES;
			};
			name = Release;
		};
		2F72E3D325D34A4500FBED29 /* Debug */ = {
			isa = XCBuildConfiguration;
			buildSettings = {
				ASSETCATALOG_COMPILER_APPICON_NAME = AppIcon;
				CODE_SIGN_STYLE = Automatic;
				DEVELOPMENT_TEAM = 986N236JV2;
				INFOPLIST_FILE = RecyclingAppiOS/Info.plist;
				LD_RUNPATH_SEARCH_PATHS = (
					"$(inherited)",
					"@executable_path/Frameworks",
				);
				PRODUCT_BUNDLE_IDENTIFIER = com.FedericoLandaeta.RecyclingAppiOS;
				PRODUCT_NAME = "$(TARGET_NAME)";
				SWIFT_VERSION = 5.0;
				TARGETED_DEVICE_FAMILY = "1,2";
			};
			name = Debug;
		};
		2F72E3D425D34A4500FBED29 /* Release */ = {
			isa = XCBuildConfiguration;
			buildSettings = {
				ASSETCATALOG_COMPILER_APPICON_NAME = AppIcon;
				CODE_SIGN_STYLE = Automatic;
				DEVELOPMENT_TEAM = 986N236JV2;
				INFOPLIST_FILE = RecyclingAppiOS/Info.plist;
				LD_RUNPATH_SEARCH_PATHS = (
					"$(inherited)",
					"@executable_path/Frameworks",
				);
				PRODUCT_BUNDLE_IDENTIFIER = com.FedericoLandaeta.RecyclingAppiOS;
				PRODUCT_NAME = "$(TARGET_NAME)";
				SWIFT_VERSION = 5.0;
				TARGETED_DEVICE_FAMILY = "1,2";
			};
			name = Release;
		};
		2F72E3D625D34A4500FBED29 /* Debug */ = {
			isa = XCBuildConfiguration;
			buildSettings = {
				ALWAYS_EMBED_SWIFT_STANDARD_LIBRARIES = YES;
				BUNDLE_LOADER = "$(TEST_HOST)";
				CODE_SIGN_STYLE = Automatic;
				DEVELOPMENT_TEAM = 986N236JV2;
				INFOPLIST_FILE = RecyclingAppiOSTests/Info.plist;
				IPHONEOS_DEPLOYMENT_TARGET = 13.6;
				LD_RUNPATH_SEARCH_PATHS = (
					"$(inherited)",
					"@executable_path/Frameworks",
					"@loader_path/Frameworks",
				);
				PRODUCT_BUNDLE_IDENTIFIER = com.FedericoLandaeta.RecyclingAppiOSTests;
				PRODUCT_NAME = "$(TARGET_NAME)";
				SWIFT_VERSION = 5.0;
				TARGETED_DEVICE_FAMILY = "1,2";
				TEST_HOST = "$(BUILT_PRODUCTS_DIR)/RecyclingAppiOS.app/RecyclingAppiOS";
			};
			name = Debug;
		};
		2F72E3D725D34A4500FBED29 /* Release */ = {
			isa = XCBuildConfiguration;
			buildSettings = {
				ALWAYS_EMBED_SWIFT_STANDARD_LIBRARIES = YES;
				BUNDLE_LOADER = "$(TEST_HOST)";
				CODE_SIGN_STYLE = Automatic;
				DEVELOPMENT_TEAM = 986N236JV2;
				INFOPLIST_FILE = RecyclingAppiOSTests/Info.plist;
				IPHONEOS_DEPLOYMENT_TARGET = 13.6;
				LD_RUNPATH_SEARCH_PATHS = (
					"$(inherited)",
					"@executable_path/Frameworks",
					"@loader_path/Frameworks",
				);
				PRODUCT_BUNDLE_IDENTIFIER = com.FedericoLandaeta.RecyclingAppiOSTests;
				PRODUCT_NAME = "$(TARGET_NAME)";
				SWIFT_VERSION = 5.0;
				TARGETED_DEVICE_FAMILY = "1,2";
				TEST_HOST = "$(BUILT_PRODUCTS_DIR)/RecyclingAppiOS.app/RecyclingAppiOS";
			};
			name = Release;
		};
		2F72E3D925D34A4500FBED29 /* Debug */ = {
			isa = XCBuildConfiguration;
			buildSettings = {
				ALWAYS_EMBED_SWIFT_STANDARD_LIBRARIES = YES;
				CODE_SIGN_STYLE = Automatic;
				DEVELOPMENT_TEAM = 986N236JV2;
				INFOPLIST_FILE = RecyclingAppiOSUITests/Info.plist;
				LD_RUNPATH_SEARCH_PATHS = (
					"$(inherited)",
					"@executable_path/Frameworks",
					"@loader_path/Frameworks",
				);
				PRODUCT_BUNDLE_IDENTIFIER = com.FedericoLandaeta.RecyclingAppiOSUITests;
				PRODUCT_NAME = "$(TARGET_NAME)";
				SWIFT_VERSION = 5.0;
				TARGETED_DEVICE_FAMILY = "1,2";
				TEST_TARGET_NAME = RecyclingAppiOS;
			};
			name = Debug;
		};
		2F72E3DA25D34A4500FBED29 /* Release */ = {
			isa = XCBuildConfiguration;
			buildSettings = {
				ALWAYS_EMBED_SWIFT_STANDARD_LIBRARIES = YES;
				CODE_SIGN_STYLE = Automatic;
				DEVELOPMENT_TEAM = 986N236JV2;
				INFOPLIST_FILE = RecyclingAppiOSUITests/Info.plist;
				LD_RUNPATH_SEARCH_PATHS = (
					"$(inherited)",
					"@executable_path/Frameworks",
					"@loader_path/Frameworks",
				);
				PRODUCT_BUNDLE_IDENTIFIER = com.FedericoLandaeta.RecyclingAppiOSUITests;
				PRODUCT_NAME = "$(TARGET_NAME)";
				SWIFT_VERSION = 5.0;
				TARGETED_DEVICE_FAMILY = "1,2";
				TEST_TARGET_NAME = RecyclingAppiOS;
			};
			name = Release;
		};
/* End XCBuildConfiguration section */

/* Begin XCConfigurationList section */
		2F55CCD625D45B9600288C6D /* Build configuration list for PBXNativeTarget "RecyclingTests" */ = {
			isa = XCConfigurationList;
			buildConfigurations = (
				2F55CCD125D45B9600288C6D /* Debug */,
				2F55CCD225D45B9600288C6D /* Release */,
			);
			defaultConfigurationIsVisible = 0;
			defaultConfigurationName = Release;
		};
		2F55CCD725D45B9600288C6D /* Build configuration list for PBXNativeTarget "RecyclingUITests" */ = {
			isa = XCConfigurationList;
			buildConfigurations = (
				2F55CCD325D45B9600288C6D /* Debug */,
				2F55CCD425D45B9600288C6D /* Release */,
			);
			defaultConfigurationIsVisible = 0;
			defaultConfigurationName = Release;
		};
		2F72E3A325D34A4000FBED29 /* Build configuration list for PBXProject "RecyclingAppiOS" */ = {
			isa = XCConfigurationList;
			buildConfigurations = (
				2F72E3D025D34A4500FBED29 /* Debug */,
				2F72E3D125D34A4500FBED29 /* Release */,
			);
			defaultConfigurationIsVisible = 0;
			defaultConfigurationName = Release;
		};
		2F72E3D225D34A4500FBED29 /* Build configuration list for PBXNativeTarget "RecyclingAppiOS" */ = {
			isa = XCConfigurationList;
			buildConfigurations = (
				2F72E3D325D34A4500FBED29 /* Debug */,
				2F72E3D425D34A4500FBED29 /* Release */,
			);
			defaultConfigurationIsVisible = 0;
			defaultConfigurationName = Release;
		};
		2F72E3D525D34A4500FBED29 /* Build configuration list for PBXNativeTarget "RecyclingAppiOSTests" */ = {
			isa = XCConfigurationList;
			buildConfigurations = (
				2F72E3D625D34A4500FBED29 /* Debug */,
				2F72E3D725D34A4500FBED29 /* Release */,
			);
			defaultConfigurationIsVisible = 0;
			defaultConfigurationName = Release;
		};
		2F72E3D825D34A4500FBED29 /* Build configuration list for PBXNativeTarget "RecyclingAppiOSUITests" */ = {
			isa = XCConfigurationList;
			buildConfigurations = (
				2F72E3D925D34A4500FBED29 /* Debug */,
				2F72E3DA25D34A4500FBED29 /* Release */,
			);
			defaultConfigurationIsVisible = 0;
			defaultConfigurationName = Release;
		};
/* End XCConfigurationList section */
	};
	rootObject = 2F72E3A025D34A4000FBED29 /* Project object */;
}
